{
  "name": "sandbox",
  "version": "1.0.0",
  "lockfileVersion": 1,
  "requires": true,
  "dependencies": {
    "systeminformation": {
      "version": "5.6.17",
      "resolved": "https://registry.npmjs.org/systeminformation/-/systeminformation-5.6.17.tgz",
      "integrity": "sha512-l60ARpjFBYObdmACdsKPqTZymudpIB2/aGzXLHWFy+DDSOKxR+EfNZP9eRe8T/i0Zbok6LMSrAcHfKw6SCmKgg=="
    }
  }
}
